
Microsoft Visual Studio Solution File, Format Version 12.00
# Visual Studio Version 17
VisualStudioVersion = 17.2.32210.308
MinimumVisualStudioVersion = 10.0.40219.1
Project("{FAE04EC0-301F-11D3-BF4B-00C04F79EFBC}") = "OzCodeReview", "OzCodeReview\OzCodeReview.csproj", "{6A14EF12-211E-49D1-A7AF-E700C465326E}"
EndProject
Project("{9A19103F-16F7-4668-BE54-9A1E7A4F7556}") = "Web", "Web\Web.csproj", "{E3117A10-54B3-4DA8-867A-17AAD297ADCA}"
EndProject
Project("{2150E333-8FDC-42A3-9474-1A3956D46DE8}") = "Server", "Server", "{CAC4B671-0D48-4FB1-B950-3389B5876491}"
EndProject
Project("{FAE04EC0-301F-11D3-BF4B-00C04F79EFBC}") = "Entities", "Entities\Entities.csproj", "{3B49C51F-2180-4F26-B9F2-2B9ED57BD67C}"
EndProject
Project("{FAE04EC0-301F-11D3-BF4B-00C04F79EFBC}") = "DataAccess", "DataAccess\DataAccess.csproj", "{93F6C5EE-2549-42BA-BFF3-492985EC8B0A}"
EndProject
Project("{FAE04EC0-301F-11D3-BF4B-00C04F79EFBC}") = "ClientApi", "ClientApi\ClientApi.csproj", "{F9AD7381-91BB-47DB-9DFE-F1FFB9813B8E}"
EndProject
Project("{FAE04EC0-301F-11D3-BF4B-00C04F79EFBC}") = "Api", "Api\Api.csproj", "{2A1C4CF3-5DCF-4798-BD41-5DBCB818E3CC}"
EndProject
Project("{FAE04EC0-301F-11D3-BF4B-00C04F79EFBC}") = "Business", "Business\Business.csproj", "{BBAF3F4F-95FA-4B52-A6AD-6CB2A5817012}"
EndProject
Project("{FAE04EC0-301F-11D3-BF4B-00C04F79EFBC}") = "Common", "Common\Common.csproj", "{0FEF1880-B723-4B7B-8357-A4E063957BF6}"
EndProject
Project("{FAE04EC0-301F-11D3-BF4B-00C04F79EFBC}") = "WebClient", "WebClient\WebClient.csproj", "{C607ED2F-C56F-4B3E-930A-1A7A4646999A}"
EndProject
Global
	GlobalSection(SolutionConfigurationPlatforms) = preSolution
		Debug|Any CPU = Debug|Any CPU
		Debug|x86 = Debug|x86
		Release|Any CPU = Release|Any CPU
		Release|x86 = Release|x86
	EndGlobalSection
	GlobalSection(ProjectConfigurationPlatforms) = postSolution
		{6A14EF12-211E-49D1-A7AF-E700C465326E}.Debug|Any CPU.ActiveCfg = Debug|Any CPU
		{6A14EF12-211E-49D1-A7AF-E700C465326E}.Debug|Any CPU.Build.0 = Debug|Any CPU
		{6A14EF12-211E-49D1-A7AF-E700C465326E}.Debug|x86.ActiveCfg = Debug|x86
		{6A14EF12-211E-49D1-A7AF-E700C465326E}.Debug|x86.Build.0 = Debug|x86
		{6A14EF12-211E-49D1-A7AF-E700C465326E}.Release|Any CPU.ActiveCfg = Release|Any CPU
		{6A14EF12-211E-49D1-A7AF-E700C465326E}.Release|Any CPU.Build.0 = Release|Any CPU
		{6A14EF12-211E-49D1-A7AF-E700C465326E}.Release|x86.ActiveCfg = Release|x86
		{6A14EF12-211E-49D1-A7AF-E700C465326E}.Release|x86.Build.0 = Release|x86
		{E3117A10-54B3-4DA8-867A-17AAD297ADCA}.Debug|Any CPU.ActiveCfg = Debug|Any CPU
		{E3117A10-54B3-4DA8-867A-17AAD297ADCA}.Debug|Any CPU.Build.0 = Debug|Any CPU
		{E3117A10-54B3-4DA8-867A-17AAD297ADCA}.Debug|x86.ActiveCfg = Debug|Any CPU
		{E3117A10-54B3-4DA8-867A-17AAD297ADCA}.Debug|x86.Build.0 = Debug|Any CPU
		{E3117A10-54B3-4DA8-867A-17AAD297ADCA}.Release|Any CPU.ActiveCfg = Release|Any CPU
		{E3117A10-54B3-4DA8-867A-17AAD297ADCA}.Release|Any CPU.Build.0 = Release|Any CPU
		{E3117A10-54B3-4DA8-867A-17AAD297ADCA}.Release|x86.ActiveCfg = Release|Any CPU
		{E3117A10-54B3-4DA8-867A-17AAD297ADCA}.Release|x86.Build.0 = Release|Any CPU
		{3B49C51F-2180-4F26-B9F2-2B9ED57BD67C}.Debug|Any CPU.ActiveCfg = Debug|Any CPU
		{3B49C51F-2180-4F26-B9F2-2B9ED57BD67C}.Debug|Any CPU.Build.0 = Debug|Any CPU
		{3B49C51F-2180-4F26-B9F2-2B9ED57BD67C}.Debug|x86.ActiveCfg = Debug|Any CPU
		{3B49C51F-2180-4F26-B9F2-2B9ED57BD67C}.Debug|x86.Build.0 = Debug|Any CPU
		{3B49C51F-2180-4F26-B9F2-2B9ED57BD67C}.Release|Any CPU.ActiveCfg = Release|Any CPU
		{3B49C51F-2180-4F26-B9F2-2B9ED57BD67C}.Release|Any CPU.Build.0 = Release|Any CPU
		{3B49C51F-2180-4F26-B9F2-2B9ED57BD67C}.Release|x86.ActiveCfg = Release|Any CPU
		{3B49C51F-2180-4F26-B9F2-2B9ED57BD67C}.Release|x86.Build.0 = Release|Any CPU
		{93F6C5EE-2549-42BA-BFF3-492985EC8B0A}.Debug|Any CPU.ActiveCfg = Debug|Any CPU
		{93F6C5EE-2549-42BA-BFF3-492985EC8B0A}.Debug|Any CPU.Build.0 = Debug|Any CPU
		{93F6C5EE-2549-42BA-BFF3-492985EC8B0A}.Debug|x86.ActiveCfg = Debug|Any CPU
		{93F6C5EE-2549-42BA-BFF3-492985EC8B0A}.Debug|x86.Build.0 = Debug|Any CPU
		{93F6C5EE-2549-42BA-BFF3-492985EC8B0A}.Release|Any CPU.ActiveCfg = Release|Any CPU
		{93F6C5EE-2549-42BA-BFF3-492985EC8B0A}.Release|Any CPU.Build.0 = Release|Any CPU
		{93F6C5EE-2549-42BA-BFF3-492985EC8B0A}.Release|x86.ActiveCfg = Release|Any CPU
		{93F6C5EE-2549-42BA-BFF3-492985EC8B0A}.Release|x86.Build.0 = Release|Any CPU
		{F9AD7381-91BB-47DB-9DFE-F1FFB9813B8E}.Debug|Any CPU.ActiveCfg = Debug|Any CPU
		{F9AD7381-91BB-47DB-9DFE-F1FFB9813B8E}.Debug|Any CPU.Build.0 = Debug|Any CPU
		{F9AD7381-91BB-47DB-9DFE-F1FFB9813B8E}.Debug|x86.ActiveCfg = Debug|Any CPU
		{F9AD7381-91BB-47DB-9DFE-F1FFB9813B8E}.Debug|x86.Build.0 = Debug|Any CPU
		{F9AD7381-91BB-47DB-9DFE-F1FFB9813B8E}.Release|Any CPU.ActiveCfg = Release|Any CPU
		{F9AD7381-91BB-47DB-9DFE-F1FFB9813B8E}.Release|Any CPU.Build.0 = Release|Any CPU
		{F9AD7381-91BB-47DB-9DFE-F1FFB9813B8E}.Release|x86.ActiveCfg = Release|Any CPU
		{F9AD7381-91BB-47DB-9DFE-F1FFB9813B8E}.Release|x86.Build.0 = Release|Any CPU
		{2A1C4CF3-5DCF-4798-BD41-5DBCB818E3CC}.Debug|Any CPU.ActiveCfg = Debug|Any CPU
		{2A1C4CF3-5DCF-4798-BD41-5DBCB818E3CC}.Debug|Any CPU.Build.0 = Debug|Any CPU
		{2A1C4CF3-5DCF-4798-BD41-5DBCB818E3CC}.Debug|x86.ActiveCfg = Debug|Any CPU
		{2A1C4CF3-5DCF-4798-BD41-5DBCB818E3CC}.Debug|x86.Build.0 = Debug|Any CPU
		{2A1C4CF3-5DCF-4798-BD41-5DBCB818E3CC}.Release|Any CPU.ActiveCfg = Release|Any CPU
		{2A1C4CF3-5DCF-4798-BD41-5DBCB818E3CC}.Release|Any CPU.Build.0 = Release|Any CPU
		{2A1C4CF3-5DCF-4798-BD41-5DBCB818E3CC}.Release|x86.ActiveCfg = Release|Any CPU
		{2A1C4CF3-5DCF-4798-BD41-5DBCB818E3CC}.Release|x86.Build.0 = Release|Any CPU
		{BBAF3F4F-95FA-4B52-A6AD-6CB2A5817012}.Debug|Any CPU.ActiveCfg = Debug|Any CPU
		{BBAF3F4F-95FA-4B52-A6AD-6CB2A5817012}.Debug|Any CPU.Build.0 = Debug|Any CPU
		{BBAF3F4F-95FA-4B52-A6AD-6CB2A5817012}.Debug|x86.ActiveCfg = Debug|Any CPU
		{BBAF3F4F-95FA-4B52-A6AD-6CB2A5817012}.Debug|x86.Build.0 = Debug|Any CPU
		{BBAF3F4F-95FA-4B52-A6AD-6CB2A5817012}.Release|Any CPU.ActiveCfg = Release|Any CPU
		{BBAF3F4F-95FA-4B52-A6AD-6CB2A5817012}.Release|Any CPU.Build.0 = Release|Any CPU
		{BBAF3F4F-95FA-4B52-A6AD-6CB2A5817012}.Release|x86.ActiveCfg = Release|Any CPU
		{BBAF3F4F-95FA-4B52-A6AD-6CB2A5817012}.Release|x86.Build.0 = Release|Any CPU
		{0FEF1880-B723-4B7B-8357-A4E063957BF6}.Debug|Any CPU.ActiveCfg = Debug|Any CPU
		{0FEF1880-B723-4B7B-8357-A4E063957BF6}.Debug|Any CPU.Build.0 = Debug|Any CPU
		{0FEF1880-B723-4B7B-8357-A4E063957BF6}.Debug|x86.ActiveCfg = Debug|Any CPU
		{0FEF1880-B723-4B7B-8357-A4E063957BF6}.Debug|x86.Build.0 = Debug|Any CPU
		{0FEF1880-B723-4B7B-8357-A4E063957BF6}.Release|Any CPU.ActiveCfg = Release|Any CPU
		{0FEF1880-B723-4B7B-8357-A4E063957BF6}.Release|Any CPU.Build.0 = Release|Any CPU
		{0FEF1880-B723-4B7B-8357-A4E063957BF6}.Release|x86.ActiveCfg = Release|Any CPU
		{0FEF1880-B723-4B7B-8357-A4E063957BF6}.Release|x86.Build.0 = Release|Any CPU
		{C607ED2F-C56F-4B3E-930A-1A7A4646999A}.Debug|Any CPU.ActiveCfg = Debug|Any CPU
		{C607ED2F-C56F-4B3E-930A-1A7A4646999A}.Debug|Any CPU.Build.0 = Debug|Any CPU
		{C607ED2F-C56F-4B3E-930A-1A7A4646999A}.Debug|x86.ActiveCfg = Debug|Any CPU
		{C607ED2F-C56F-4B3E-930A-1A7A4646999A}.Debug|x86.Build.0 = Debug|Any CPU
		{C607ED2F-C56F-4B3E-930A-1A7A4646999A}.Release|Any CPU.ActiveCfg = Release|Any CPU
		{C607ED2F-C56F-4B3E-930A-1A7A4646999A}.Release|Any CPU.Build.0 = Release|Any CPU
		{C607ED2F-C56F-4B3E-930A-1A7A4646999A}.Release|x86.ActiveCfg = Release|Any CPU
		{C607ED2F-C56F-4B3E-930A-1A7A4646999A}.Release|x86.Build.0 = Release|Any CPU
	EndGlobalSection
	GlobalSection(SolutionProperties) = preSolution
		HideSolutionNode = FALSE
	EndGlobalSection
	GlobalSection(NestedProjects) = preSolution
		{E3117A10-54B3-4DA8-867A-17AAD297ADCA} = {CAC4B671-0D48-4FB1-B950-3389B5876491}
		{3B49C51F-2180-4F26-B9F2-2B9ED57BD67C} = {CAC4B671-0D48-4FB1-B950-3389B5876491}
		{93F6C5EE-2549-42BA-BFF3-492985EC8B0A} = {CAC4B671-0D48-4FB1-B950-3389B5876491}
		{F9AD7381-91BB-47DB-9DFE-F1FFB9813B8E} = {CAC4B671-0D48-4FB1-B950-3389B5876491}
		{2A1C4CF3-5DCF-4798-BD41-5DBCB818E3CC} = {CAC4B671-0D48-4FB1-B950-3389B5876491}
		{BBAF3F4F-95FA-4B52-A6AD-6CB2A5817012} = {CAC4B671-0D48-4FB1-B950-3389B5876491}
		{0FEF1880-B723-4B7B-8357-A4E063957BF6} = {CAC4B671-0D48-4FB1-B950-3389B5876491}
		{C607ED2F-C56F-4B3E-930A-1A7A4646999A} = {CAC4B671-0D48-4FB1-B950-3389B5876491}
	EndGlobalSection
	GlobalSection(ExtensibilityGlobals) = postSolution
		SolutionGuid = {95BFCA8D-2CD9-4D03-88DA-A9A033FDA811}
	EndGlobalSection
EndGlobal
